
Microsoft Visual Studio Solution File, Format Version 12.00
# Visual Studio Version 16
VisualStudioVersion = 16.0.35229.62
MinimumVisualStudioVersion = 10.0.40219.1
Project("{FAE04EC0-301F-11D3-BF4B-00C04F79EFBC}") = "Implementación de Polimorfismo", "Implementación de Polimorfismo\Implementación de Polimorfismo.csproj", "{AA40CD7E-08D8-479B-AF36-9E4FFE792CD6}"
EndProject
Global
	GlobalSection(SolutionConfigurationPlatforms) = preSolution
		Debug|Any CPU = Debug|Any CPU
		Release|Any CPU = Release|Any CPU
	EndGlobalSection
	GlobalSection(ProjectConfigurationPlatforms) = postSolution
		{AA40CD7E-08D8-479B-AF36-9E4FFE792CD6}.Debug|Any CPU.ActiveCfg = Debug|Any CPU
		{AA40CD7E-08D8-479B-AF36-9E4FFE792CD6}.Debug|Any CPU.Build.0 = Debug|Any CPU
		{AA40CD7E-08D8-479B-AF36-9E4FFE792CD6}.Release|Any CPU.ActiveCfg = Release|Any CPU
		{AA40CD7E-08D8-479B-AF36-9E4FFE792CD6}.Release|Any CPU.Build.0 = Release|Any CPU
	EndGlobalSection
	GlobalSection(SolutionProperties) = preSolution
		HideSolutionNode = FALSE
	EndGlobalSection
	GlobalSection(ExtensibilityGlobals) = postSolution
		SolutionGuid = {A801E3F3-A7B5-4F85-A5D9-36C05CD136EF}
	EndGlobalSection
EndGlobal
